
Microsoft Visual Studio Solution File, Format Version 12.00
# Visual Studio Version 17
VisualStudioVersion = 17.6.33829.357
MinimumVisualStudioVersion = 10.0.40219.1
Project("{9A19103F-16F7-4668-BE54-9A1E7A4F7556}") = "CoursWork.Drive.Server", "CoursWork.Drive.Server.csproj", "{30667FCC-D448-49A4-9500-268843AFDC52}"
EndProject
Project("{9A19103F-16F7-4668-BE54-9A1E7A4F7556}") = "CoursWork.Drive.BusinessLogic", "..\CoursWork.Drive.BusinessLogic\CoursWork.Drive.BusinessLogic.csproj", "{C08C71AF-AE1B-4C3F-B37A-08557B934E3D}"
EndProject
Project("{9A19103F-16F7-4668-BE54-9A1E7A4F7556}") = "CoursWork.Drive.DataAccess", "..\CoursWork.Drive.DataAccess\CoursWork.Drive.DataAccess.csproj", "{D1C9F4F1-F458-4A96-B6B6-74C82F751B6D}"
EndProject
Project("{9A19103F-16F7-4668-BE54-9A1E7A4F7556}") = "CoursWork.Drive.Shared", "..\CoursWork.Drive.Shared\CoursWork.Drive.Shared.csproj", "{A9EDB282-CBA9-47B7-8448-0DE48D321551}"
EndProject
Project("{9A19103F-16F7-4668-BE54-9A1E7A4F7556}") = "CoursWork.Drive.ClientBlazor", "..\CoursWork.Drive.ClientBlazor\CoursWork.Drive.ClientBlazor.csproj", "{00863EB1-6C56-4869-AD80-3E82A2B7AA98}"
EndProject
Global
	GlobalSection(SolutionConfigurationPlatforms) = preSolution
		Debug|Any CPU = Debug|Any CPU
		Release|Any CPU = Release|Any CPU
	EndGlobalSection
	GlobalSection(ProjectConfigurationPlatforms) = postSolution
		{30667FCC-D448-49A4-9500-268843AFDC52}.Debug|Any CPU.ActiveCfg = Debug|Any CPU
		{30667FCC-D448-49A4-9500-268843AFDC52}.Debug|Any CPU.Build.0 = Debug|Any CPU
		{30667FCC-D448-49A4-9500-268843AFDC52}.Release|Any CPU.ActiveCfg = Release|Any CPU
		{30667FCC-D448-49A4-9500-268843AFDC52}.Release|Any CPU.Build.0 = Release|Any CPU
		{C08C71AF-AE1B-4C3F-B37A-08557B934E3D}.Debug|Any CPU.ActiveCfg = Debug|Any CPU
		{C08C71AF-AE1B-4C3F-B37A-08557B934E3D}.Debug|Any CPU.Build.0 = Debug|Any CPU
		{C08C71AF-AE1B-4C3F-B37A-08557B934E3D}.Release|Any CPU.ActiveCfg = Release|Any CPU
		{C08C71AF-AE1B-4C3F-B37A-08557B934E3D}.Release|Any CPU.Build.0 = Release|Any CPU
		{D1C9F4F1-F458-4A96-B6B6-74C82F751B6D}.Debug|Any CPU.ActiveCfg = Debug|Any CPU
		{D1C9F4F1-F458-4A96-B6B6-74C82F751B6D}.Debug|Any CPU.Build.0 = Debug|Any CPU
		{D1C9F4F1-F458-4A96-B6B6-74C82F751B6D}.Release|Any CPU.ActiveCfg = Release|Any CPU
		{D1C9F4F1-F458-4A96-B6B6-74C82F751B6D}.Release|Any CPU.Build.0 = Release|Any CPU
		{A9EDB282-CBA9-47B7-8448-0DE48D321551}.Debug|Any CPU.ActiveCfg = Debug|Any CPU
		{A9EDB282-CBA9-47B7-8448-0DE48D321551}.Debug|Any CPU.Build.0 = Debug|Any CPU
		{A9EDB282-CBA9-47B7-8448-0DE48D321551}.Release|Any CPU.ActiveCfg = Release|Any CPU
		{A9EDB282-CBA9-47B7-8448-0DE48D321551}.Release|Any CPU.Build.0 = Release|Any CPU
		{00863EB1-6C56-4869-AD80-3E82A2B7AA98}.Debug|Any CPU.ActiveCfg = Debug|Any CPU
		{00863EB1-6C56-4869-AD80-3E82A2B7AA98}.Debug|Any CPU.Build.0 = Debug|Any CPU
		{00863EB1-6C56-4869-AD80-3E82A2B7AA98}.Release|Any CPU.ActiveCfg = Release|Any CPU
		{00863EB1-6C56-4869-AD80-3E82A2B7AA98}.Release|Any CPU.Build.0 = Release|Any CPU
	EndGlobalSection
	GlobalSection(SolutionProperties) = preSolution
		HideSolutionNode = FALSE
	EndGlobalSection
	GlobalSection(ExtensibilityGlobals) = postSolution
		SolutionGuid = {56F3A8B7-99E3-4872-A193-826C47DC5909}
	EndGlobalSection
EndGlobal
